<?xml version="1.0" encoding="utf-8"?>
<Project ToolsVersion="4.0" xmlns="http://schemas.microsoft.com/developer/msbuild/2003">
  <ItemGroup>
    <Filter Include="Source Files">
      <UniqueIdentifier>{4FC737F1-C7A5-4376-A066-2A32D752A2FF}</UniqueIdentifier>
      <Extensions>cpp;c;cc;cxx;def;odl;idl;hpj;bat;asm;asmx</Extensions>
    </Filter>
    <Filter Include="Header Files">
      <UniqueIdentifier>{93995380-89BD-4b04-88EB-625FBE52EBFB}</UniqueIdentifier>
      <Extensions>h;hh;hpp;hxx;hm;inl;inc;xsd</Extensions>
    </Filter>
    <Filter Include="Resource Files">
      <UniqueIdentifier>{67DA6AB6-F800-4c08-8B7A-83BB121AAD01}</UniqueIdentifier>
      <Extensions>rc;ico;cur;bmp;dlg;rc2;rct;bin;rgs;gif;jpg;jpeg;jpe;resx;tiff;tif;png;wav;mfcribbon-ms</Extensions>
    </Filter>
    <Filter Include="SDL_gui">
      <UniqueIdentifier>{d32805f5-431d-480f-9b08-6c43263d9ec1}</UniqueIdentifier>
    </Filter>
  </ItemGroup>
  <ItemGroup>
    <ClCompile Include="..\src\main.cpp">
      <Filter>Source Files</Filter>
    </ClCompile>
    <ClCompile Include="..\..\..\SDL_gui\GUI_utils.cpp">
      <Filter>SDL_gui</Filter>
    </ClCompile>
    <ClCompile Include="..\..\..\SDL_gui\SDL_gui.cpp">
      <Filter>SDL_gui</Filter>
    </ClCompile>
    <ClCompile Include="..\..\..\SDL_gui\GUI_TopWin.cpp">
      <Filter>SDL_gui</Filter>
    </ClCompile>
    <ClCompile Include="..\..\..\SDL_gui\GUI_BasicWidgets.cpp">
      <Filter>SDL_gui</Filter>
    </ClCompile>
    <ClCompile Include="..\..\..\SDL_gui\GUI_MainWin.cpp">
      <Filter>SDL_gui</Filter>
    </ClCompile>
    <ClCompile Include="..\..\..\SDL_gui\GUI_WinBase.cpp">
      <Filter>SDL_gui</Filter>
    </ClCompile>
    <ClCompile Include="..\..\..\SDL_gui\jsFileUtils.cpp">
      <Filter>SDL_gui</Filter>
    </ClCompile>
  </ItemGroup>
  <ItemGroup>
    <ClInclude Include="..\..\..\SDL_gui\GUI_utils.h">
      <Filter>SDL_gui</Filter>
    </ClInclude>
    <ClInclude Include="resource.h">
      <Filter>Header Files</Filter>
    </ClInclude>
    <ClInclude Include="..\..\..\SDL_gui\SDL_gui.h">
      <Filter>SDL_gui</Filter>
    </ClInclude>
    <ClInclude Include="..\..\..\SDL_gui\GUI_TopWin.h">
      <Filter>SDL_gui</Filter>
    </ClInclude>
    <ClInclude Include="..\..\..\SDL_gui\GUI_BasicWidgets.h">
      <Filter>SDL_gui</Filter>
    </ClInclude>
    <ClInclude Include="..\..\..\SDL_gui\GUI_MainWin.h">
      <Filter>SDL_gui</Filter>
    </ClInclude>
    <ClInclude Include="..\..\..\SDL_gui\GUI_WinBase.h">
      <Filter>SDL_gui</Filter>
    </ClInclude>
    <ClInclude Include="..\..\..\SDL_gui\xpm.h">
      <Filter>SDL_gui</Filter>
    </ClInclude>
    <ClInclude Include="..\..\..\SDL_gui\dirent.h">
      <Filter>SDL_gui</Filter>
    </ClInclude>
    <ClInclude Include="..\..\..\SDL_gui\jsFileUtils.h">
      <Filter>SDL_gui</Filter>
    </ClInclude>
  </ItemGroup>
  <ItemGroup>
    <ResourceCompile Include="_Windows.rc">
      <Filter>Resource Files</Filter>
    </ResourceCompile>
  </ItemGroup>
</Project>